
Microsoft Visual Studio Solution File, Format Version 12.00
# Visual Studio Version 16
VisualStudioVersion = 16.0.31313.79
MinimumVisualStudioVersion = 10.0.40219.1
Project("{FAE04EC0-301F-11D3-BF4B-00C04F79EFBC}") = "CovidPatientTrackingSystem", "CovidPatientTrackingSystem.csproj", "{DDDEBB78-CF78-4EA6-A366-81FC6F3737C5}"
EndProject
Global
	GlobalSection(SolutionConfigurationPlatforms) = preSolution
		Debug|Any CPU = Debug|Any CPU
		Release|Any CPU = Release|Any CPU
	EndGlobalSection
	GlobalSection(ProjectConfigurationPlatforms) = postSolution
		{DDDEBB78-CF78-4EA6-A366-81FC6F3737C5}.Debug|Any CPU.ActiveCfg = Debug|Any CPU
		{DDDEBB78-CF78-4EA6-A366-81FC6F3737C5}.Debug|Any CPU.Build.0 = Debug|Any CPU
		{DDDEBB78-CF78-4EA6-A366-81FC6F3737C5}.Release|Any CPU.ActiveCfg = Release|Any CPU
		{DDDEBB78-CF78-4EA6-A366-81FC6F3737C5}.Release|Any CPU.Build.0 = Release|Any CPU
	EndGlobalSection
	GlobalSection(SolutionProperties) = preSolution
		HideSolutionNode = FALSE
	EndGlobalSection
	GlobalSection(ExtensibilityGlobals) = postSolution
		SolutionGuid = {836056D8-5835-4011-B343-8E3CF75722A6}
	EndGlobalSection
EndGlobal
